Microsoft Visual Studio Solution File, Format Version 12.00
# Visual Studio 15
Project("{8BC9CEB8-8B4A-11D0-8D11-00A0C91BC942}") = "ALL_BUILD", "ALL_BUILD.vcxproj", "{AF549B75-3B59-3511-B9A3-81B597C3A92E}"
	ProjectSection(ProjectDependencies) = postProject
		{01784E5F-AD72-3AA2-89C1-8A738499E6F7} = {01784E5F-AD72-3AA2-89C1-8A738499E6F7}
		{91897B78-3A9B-37C9-9C3C-404BE1E0E42C} = {91897B78-3A9B-37C9-9C3C-404BE1E0E42C}
		{E3214475-143C-31F0-9B37-0F6E1C794D0F} = {E3214475-143C-31F0-9B37-0F6E1C794D0F}
		{BE5736A9-1004-372B-8C78-6F543209AC9C} = {BE5736A9-1004-372B-8C78-6F543209AC9C}
		{ACAC130A-E7CB-381B-935B-CAD6FD63E742} = {ACAC130A-E7CB-381B-935B-CAD6FD63E742}
		{1F5E2E21-3595-3472-A37C-01A5AED2DBF6} = {1F5E2E21-3595-3472-A37C-01A5AED2DBF6}
		{2F5A3AF4-18A2-3645-A629-EDEDEC0AF80C} = {2F5A3AF4-18A2-3645-A629-EDEDEC0AF80C}
		{34E68368-E9E3-3055-BD54-CECC430E0484} = {34E68368-E9E3-3055-BD54-CECC430E0484}
	EndProjectSection
EndProject
Project("{8BC9CEB8-8B4A-11D0-8D11-00A0C91BC942}") = "DebugUtils", "DebugUtils\DebugUtils.vcxproj", "{01784E5F-AD72-3AA2-89C1-8A738499E6F7}"
	ProjectSection(ProjectDependencies) = postProject
		{91897B78-3A9B-37C9-9C3C-404BE1E0E42C} = {91897B78-3A9B-37C9-9C3C-404BE1E0E42C}
		{BE5736A9-1004-372B-8C78-6F543209AC9C} = {BE5736A9-1004-372B-8C78-6F543209AC9C}
		{ACAC130A-E7CB-381B-935B-CAD6FD63E742} = {ACAC130A-E7CB-381B-935B-CAD6FD63E742}
		{34E68368-E9E3-3055-BD54-CECC430E0484} = {34E68368-E9E3-3055-BD54-CECC430E0484}
	EndProjectSection
EndProject
Project("{8BC9CEB8-8B4A-11D0-8D11-00A0C91BC942}") = "Detour", "Detour\Detour.vcxproj", "{91897B78-3A9B-37C9-9C3C-404BE1E0E42C}"
	ProjectSection(ProjectDependencies) = postProject
		{34E68368-E9E3-3055-BD54-CECC430E0484} = {34E68368-E9E3-3055-BD54-CECC430E0484}
	EndProjectSection
EndProject
Project("{8BC9CEB8-8B4A-11D0-8D11-00A0C91BC942}") = "DetourCrowd", "DetourCrowd\DetourCrowd.vcxproj", "{E3214475-143C-31F0-9B37-0F6E1C794D0F}"
	ProjectSection(ProjectDependencies) = postProject
		{91897B78-3A9B-37C9-9C3C-404BE1E0E42C} = {91897B78-3A9B-37C9-9C3C-404BE1E0E42C}
		{34E68368-E9E3-3055-BD54-CECC430E0484} = {34E68368-E9E3-3055-BD54-CECC430E0484}
	EndProjectSection
EndProject
Project("{8BC9CEB8-8B4A-11D0-8D11-00A0C91BC942}") = "DetourTileCache", "DetourTileCache\DetourTileCache.vcxproj", "{BE5736A9-1004-372B-8C78-6F543209AC9C}"
	ProjectSection(ProjectDependencies) = postProject
		{91897B78-3A9B-37C9-9C3C-404BE1E0E42C} = {91897B78-3A9B-37C9-9C3C-404BE1E0E42C}
		{34E68368-E9E3-3055-BD54-CECC430E0484} = {34E68368-E9E3-3055-BD54-CECC430E0484}
	EndProjectSection
EndProject
Project("{8BC9CEB8-8B4A-11D0-8D11-00A0C91BC942}") = "INSTALL", "INSTALL.vcxproj", "{3F5523BF-592C-3ADA-9A0D-686F90057E9D}"
	ProjectSection(ProjectDependencies) = postProject
		{AF549B75-3B59-3511-B9A3-81B597C3A92E} = {AF549B75-3B59-3511-B9A3-81B597C3A92E}
		{34E68368-E9E3-3055-BD54-CECC430E0484} = {34E68368-E9E3-3055-BD54-CECC430E0484}
	EndProjectSection
EndProject
Project("{8BC9CEB8-8B4A-11D0-8D11-00A0C91BC942}") = "RUN_TESTS", "RUN_TESTS.vcxproj", "{8640635B-BD79-3CCA-9112-9643EA9CD4DD}"
	ProjectSection(ProjectDependencies) = postProject
		{34E68368-E9E3-3055-BD54-CECC430E0484} = {34E68368-E9E3-3055-BD54-CECC430E0484}
	EndProjectSection
EndProject
Project("{8BC9CEB8-8B4A-11D0-8D11-00A0C91BC942}") = "Recast", "Recast\Recast.vcxproj", "{ACAC130A-E7CB-381B-935B-CAD6FD63E742}"
	ProjectSection(ProjectDependencies) = postProject
		{34E68368-E9E3-3055-BD54-CECC430E0484} = {34E68368-E9E3-3055-BD54-CECC430E0484}
	EndProjectSection
EndProject
Project("{8BC9CEB8-8B4A-11D0-8D11-00A0C91BC942}") = "RecastDemo", "RecastDemo\RecastDemo.vcxproj", "{1F5E2E21-3595-3472-A37C-01A5AED2DBF6}"
	ProjectSection(ProjectDependencies) = postProject
		{01784E5F-AD72-3AA2-89C1-8A738499E6F7} = {01784E5F-AD72-3AA2-89C1-8A738499E6F7}
		{91897B78-3A9B-37C9-9C3C-404BE1E0E42C} = {91897B78-3A9B-37C9-9C3C-404BE1E0E42C}
		{E3214475-143C-31F0-9B37-0F6E1C794D0F} = {E3214475-143C-31F0-9B37-0F6E1C794D0F}
		{BE5736A9-1004-372B-8C78-6F543209AC9C} = {BE5736A9-1004-372B-8C78-6F543209AC9C}
		{ACAC130A-E7CB-381B-935B-CAD6FD63E742} = {ACAC130A-E7CB-381B-935B-CAD6FD63E742}
		{34E68368-E9E3-3055-BD54-CECC430E0484} = {34E68368-E9E3-3055-BD54-CECC430E0484}
	EndProjectSection
EndProject
Project("{8BC9CEB8-8B4A-11D0-8D11-00A0C91BC942}") = "Tests", "Tests\Tests.vcxproj", "{2F5A3AF4-18A2-3645-A629-EDEDEC0AF80C}"
	ProjectSection(ProjectDependencies) = postProject
		{91897B78-3A9B-37C9-9C3C-404BE1E0E42C} = {91897B78-3A9B-37C9-9C3C-404BE1E0E42C}
		{ACAC130A-E7CB-381B-935B-CAD6FD63E742} = {ACAC130A-E7CB-381B-935B-CAD6FD63E742}
		{34E68368-E9E3-3055-BD54-CECC430E0484} = {34E68368-E9E3-3055-BD54-CECC430E0484}
	EndProjectSection
EndProject
Project("{8BC9CEB8-8B4A-11D0-8D11-00A0C91BC942}") = "ZERO_CHECK", "ZERO_CHECK.vcxproj", "{34E68368-E9E3-3055-BD54-CECC430E0484}"
	ProjectSection(ProjectDependencies) = postProject
	EndProjectSection
EndProject
Global
	GlobalSection(SolutionConfigurationPlatforms) = preSolution
		Debug|Win32 = Debug|Win32
		Release|Win32 = Release|Win32
		MinSizeRel|Win32 = MinSizeRel|Win32
		RelWithDebInfo|Win32 = RelWithDebInfo|Win32
	EndGlobalSection
	GlobalSection(ProjectConfigurationPlatforms) = postSolution
		{AF549B75-3B59-3511-B9A3-81B597C3A92E}.Debug|Win32.ActiveCfg = Debug|Win32
		{AF549B75-3B59-3511-B9A3-81B597C3A92E}.Debug|Win32.Build.0 = Debug|Win32
		{AF549B75-3B59-3511-B9A3-81B597C3A92E}.Release|Win32.ActiveCfg = Release|Win32
		{AF549B75-3B59-3511-B9A3-81B597C3A92E}.Release|Win32.Build.0 = Release|Win32
		{AF549B75-3B59-3511-B9A3-81B597C3A92E}.MinSizeRel|Win32.ActiveCfg = MinSizeRel|Win32
		{AF549B75-3B59-3511-B9A3-81B597C3A92E}.MinSizeRel|Win32.Build.0 = MinSizeRel|Win32
		{AF549B75-3B59-3511-B9A3-81B597C3A92E}.RelWithDebInfo|Win32.ActiveCfg = RelWithDebInfo|Win32
		{AF549B75-3B59-3511-B9A3-81B597C3A92E}.RelWithDebInfo|Win32.Build.0 = RelWithDebInfo|Win32
		{01784E5F-AD72-3AA2-89C1-8A738499E6F7}.Debug|Win32.ActiveCfg = Debug|Win32
		{01784E5F-AD72-3AA2-89C1-8A738499E6F7}.Debug|Win32.Build.0 = Debug|Win32
		{01784E5F-AD72-3AA2-89C1-8A738499E6F7}.Release|Win32.ActiveCfg = Release|Win32
		{01784E5F-AD72-3AA2-89C1-8A738499E6F7}.Release|Win32.Build.0 = Release|Win32
		{01784E5F-AD72-3AA2-89C1-8A738499E6F7}.MinSizeRel|Win32.ActiveCfg = MinSizeRel|Win32
		{01784E5F-AD72-3AA2-89C1-8A738499E6F7}.MinSizeRel|Win32.Build.0 = MinSizeRel|Win32
		{01784E5F-AD72-3AA2-89C1-8A738499E6F7}.RelWithDebInfo|Win32.ActiveCfg = RelWithDebInfo|Win32
		{01784E5F-AD72-3AA2-89C1-8A738499E6F7}.RelWithDebInfo|Win32.Build.0 = RelWithDebInfo|Win32
		{91897B78-3A9B-37C9-9C3C-404BE1E0E42C}.Debug|Win32.ActiveCfg = Debug|Win32
		{91897B78-3A9B-37C9-9C3C-404BE1E0E42C}.Debug|Win32.Build.0 = Debug|Win32
		{91897B78-3A9B-37C9-9C3C-404BE1E0E42C}.Release|Win32.ActiveCfg = Release|Win32
		{91897B78-3A9B-37C9-9C3C-404BE1E0E42C}.Release|Win32.Build.0 = Release|Win32
		{91897B78-3A9B-37C9-9C3C-404BE1E0E42C}.MinSizeRel|Win32.ActiveCfg = MinSizeRel|Win32
		{91897B78-3A9B-37C9-9C3C-404BE1E0E42C}.MinSizeRel|Win32.Build.0 = MinSizeRel|Win32
		{91897B78-3A9B-37C9-9C3C-404BE1E0E42C}.RelWithDebInfo|Win32.ActiveCfg = RelWithDebInfo|Win32
		{91897B78-3A9B-37C9-9C3C-404BE1E0E42C}.RelWithDebInfo|Win32.Build.0 = RelWithDebInfo|Win32
		{E3214475-143C-31F0-9B37-0F6E1C794D0F}.Debug|Win32.ActiveCfg = Debug|Win32
		{E3214475-143C-31F0-9B37-0F6E1C794D0F}.Debug|Win32.Build.0 = Debug|Win32
		{E3214475-143C-31F0-9B37-0F6E1C794D0F}.Release|Win32.ActiveCfg = Release|Win32
		{E3214475-143C-31F0-9B37-0F6E1C794D0F}.Release|Win32.Build.0 = Release|Win32
		{E3214475-143C-31F0-9B37-0F6E1C794D0F}.MinSizeRel|Win32.ActiveCfg = MinSizeRel|Win32
		{E3214475-143C-31F0-9B37-0F6E1C794D0F}.MinSizeRel|Win32.Build.0 = MinSizeRel|Win32
		{E3214475-143C-31F0-9B37-0F6E1C794D0F}.RelWithDebInfo|Win32.ActiveCfg = RelWithDebInfo|Win32
		{E3214475-143C-31F0-9B37-0F6E1C794D0F}.RelWithDebInfo|Win32.Build.0 = RelWithDebInfo|Win32
		{BE5736A9-1004-372B-8C78-6F543209AC9C}.Debug|Win32.ActiveCfg = Debug|Win32
		{BE5736A9-1004-372B-8C78-6F543209AC9C}.Debug|Win32.Build.0 = Debug|Win32
		{BE5736A9-1004-372B-8C78-6F543209AC9C}.Release|Win32.ActiveCfg = Release|Win32
		{BE5736A9-1004-372B-8C78-6F543209AC9C}.Release|Win32.Build.0 = Release|Win32
		{BE5736A9-1004-372B-8C78-6F543209AC9C}.MinSizeRel|Win32.ActiveCfg = MinSizeRel|Win32
		{BE5736A9-1004-372B-8C78-6F543209AC9C}.MinSizeRel|Win32.Build.0 = MinSizeRel|Win32
		{BE5736A9-1004-372B-8C78-6F543209AC9C}.RelWithDebInfo|Win32.ActiveCfg = RelWithDebInfo|Win32
		{BE5736A9-1004-372B-8C78-6F543209AC9C}.RelWithDebInfo|Win32.Build.0 = RelWithDebInfo|Win32
		{3F5523BF-592C-3ADA-9A0D-686F90057E9D}.Debug|Win32.ActiveCfg = Debug|Win32
		{3F5523BF-592C-3ADA-9A0D-686F90057E9D}.Release|Win32.ActiveCfg = Release|Win32
		{3F5523BF-592C-3ADA-9A0D-686F90057E9D}.MinSizeRel|Win32.ActiveCfg = MinSizeRel|Win32
		{3F5523BF-592C-3ADA-9A0D-686F90057E9D}.RelWithDebInfo|Win32.ActiveCfg = RelWithDebInfo|Win32
		{8640635B-BD79-3CCA-9112-9643EA9CD4DD}.Debug|Win32.ActiveCfg = Debug|Win32
		{8640635B-BD79-3CCA-9112-9643EA9CD4DD}.Release|Win32.ActiveCfg = Release|Win32
		{8640635B-BD79-3CCA-9112-9643EA9CD4DD}.MinSizeRel|Win32.ActiveCfg = MinSizeRel|Win32
		{8640635B-BD79-3CCA-9112-9643EA9CD4DD}.RelWithDebInfo|Win32.ActiveCfg = RelWithDebInfo|Win32
		{ACAC130A-E7CB-381B-935B-CAD6FD63E742}.Debug|Win32.ActiveCfg = Debug|Win32
		{ACAC130A-E7CB-381B-935B-CAD6FD63E742}.Debug|Win32.Build.0 = Debug|Win32
		{ACAC130A-E7CB-381B-935B-CAD6FD63E742}.Release|Win32.ActiveCfg = Release|Win32
		{ACAC130A-E7CB-381B-935B-CAD6FD63E742}.Release|Win32.Build.0 = Release|Win32
		{ACAC130A-E7CB-381B-935B-CAD6FD63E742}.MinSizeRel|Win32.ActiveCfg = MinSizeRel|Win32
		{ACAC130A-E7CB-381B-935B-CAD6FD63E742}.MinSizeRel|Win32.Build.0 = MinSizeRel|Win32
		{ACAC130A-E7CB-381B-935B-CAD6FD63E742}.RelWithDebInfo|Win32.ActiveCfg = RelWithDebInfo|Win32
		{ACAC130A-E7CB-381B-935B-CAD6FD63E742}.RelWithDebInfo|Win32.Build.0 = RelWithDebInfo|Win32
		{1F5E2E21-3595-3472-A37C-01A5AED2DBF6}.Debug|Win32.ActiveCfg = Debug|Win32
		{1F5E2E21-3595-3472-A37C-01A5AED2DBF6}.Debug|Win32.Build.0 = Debug|Win32
		{1F5E2E21-3595-3472-A37C-01A5AED2DBF6}.Release|Win32.ActiveCfg = Release|Win32
		{1F5E2E21-3595-3472-A37C-01A5AED2DBF6}.Release|Win32.Build.0 = Release|Win32
		{1F5E2E21-3595-3472-A37C-01A5AED2DBF6}.MinSizeRel|Win32.ActiveCfg = MinSizeRel|Win32
		{1F5E2E21-3595-3472-A37C-01A5AED2DBF6}.MinSizeRel|Win32.Build.0 = MinSizeRel|Win32
		{1F5E2E21-3595-3472-A37C-01A5AED2DBF6}.RelWithDebInfo|Win32.ActiveCfg = RelWithDebInfo|Win32
		{1F5E2E21-3595-3472-A37C-01A5AED2DBF6}.RelWithDebInfo|Win32.Build.0 = RelWithDebInfo|Win32
		{2F5A3AF4-18A2-3645-A629-EDEDEC0AF80C}.Debug|Win32.ActiveCfg = Debug|Win32
		{2F5A3AF4-18A2-3645-A629-EDEDEC0AF80C}.Debug|Win32.Build.0 = Debug|Win32
		{2F5A3AF4-18A2-3645-A629-EDEDEC0AF80C}.Release|Win32.ActiveCfg = Release|Win32
		{2F5A3AF4-18A2-3645-A629-EDEDEC0AF80C}.Release|Win32.Build.0 = Release|Win32
		{2F5A3AF4-18A2-3645-A629-EDEDEC0AF80C}.MinSizeRel|Win32.ActiveCfg = MinSizeRel|Win32
		{2F5A3AF4-18A2-3645-A629-EDEDEC0AF80C}.MinSizeRel|Win32.Build.0 = MinSizeRel|Win32
		{2F5A3AF4-18A2-3645-A629-EDEDEC0AF80C}.RelWithDebInfo|Win32.ActiveCfg = RelWithDebInfo|Win32
		{2F5A3AF4-18A2-3645-A629-EDEDEC0AF80C}.RelWithDebInfo|Win32.Build.0 = RelWithDebInfo|Win32
		{34E68368-E9E3-3055-BD54-CECC430E0484}.Debug|Win32.ActiveCfg = Debug|Win32
		{34E68368-E9E3-3055-BD54-CECC430E0484}.Debug|Win32.Build.0 = Debug|Win32
		{34E68368-E9E3-3055-BD54-CECC430E0484}.Release|Win32.ActiveCfg = Release|Win32
		{34E68368-E9E3-3055-BD54-CECC430E0484}.Release|Win32.Build.0 = Release|Win32
		{34E68368-E9E3-3055-BD54-CECC430E0484}.MinSizeRel|Win32.ActiveCfg = MinSizeRel|Win32
		{34E68368-E9E3-3055-BD54-CECC430E0484}.MinSizeRel|Win32.Build.0 = MinSizeRel|Win32
		{34E68368-E9E3-3055-BD54-CECC430E0484}.RelWithDebInfo|Win32.ActiveCfg = RelWithDebInfo|Win32
		{34E68368-E9E3-3055-BD54-CECC430E0484}.RelWithDebInfo|Win32.Build.0 = RelWithDebInfo|Win32
	EndGlobalSection
	GlobalSection(ExtensibilityGlobals) = postSolution
		SolutionGuid = {49AE4736-1B68-3BC1-B45E-0864B65D6DA6}
	EndGlobalSection
	GlobalSection(ExtensibilityAddIns) = postSolution
	EndGlobalSection
EndGlobal
