<?xml version="1.0" encoding="utf-8"?>
<Project ToolsVersion="15.0" xmlns="http://schemas.microsoft.com/developer/msbuild/2003">
  <ItemGroup>
    <ClCompile Include="F:\code_modul\网格寻路算法\3D寻路算法\recastnavigation\recastnavigation-master\recastnavigation-master\Tests\Detour\Tests_Detour.cpp">
      <Filter>Source Files</Filter>
    </ClCompile>
    <ClCompile Include="F:\code_modul\网格寻路算法\3D寻路算法\recastnavigation\recastnavigation-master\recastnavigation-master\Tests\Recast\Tests_Recast.cpp">
      <Filter>Source Files</Filter>
    </ClCompile>
    <ClCompile Include="F:\code_modul\网格寻路算法\3D寻路算法\recastnavigation\recastnavigation-master\recastnavigation-master\Tests\main.cpp">
      <Filter>Source Files</Filter>
    </ClCompile>
  </ItemGroup>
  <ItemGroup>
    <CustomBuild Include="F:\code_modul\网格寻路算法\3D寻路算法\recastnavigation\recastnavigation-master\recastnavigation-master\Tests\CMakeLists.txt" />
  </ItemGroup>
  <ItemGroup>
    <Filter Include="Source Files">
      <UniqueIdentifier>{DCE05A08-D18C-3C94-97C4-A43ADA1367AA}</UniqueIdentifier>
    </Filter>
  </ItemGroup>
</Project>
